
Microsoft Visual Studio Solution File, Format Version 12.00
# Visual Studio 2013
VisualStudioVersion = 12.0.31101.0
MinimumVisualStudioVersion = 10.0.40219.1
Project("{FAE04EC0-301F-11D3-BF4B-00C04F79EFBC}") = "Homework1", "Homework1\Homework1.csproj", "{AFB13CE9-FD90-4071-AC65-1DB34B946575}"
EndProject
Project("{FAE04EC0-301F-11D3-BF4B-00C04F79EFBC}") = "Homework2", "Homework2\Homework2.csproj", "{CE3B94C0-C97B-4650-831F-A808FD1DC3DA}"
EndProject
Project("{FAE04EC0-301F-11D3-BF4B-00C04F79EFBC}") = "Homework3", "Homework3\Homework3.csproj", "{35A6E0DA-F510-4AAC-B68E-F0EEFC5DC882}"
EndProject
Project("{FAE04EC0-301F-11D3-BF4B-00C04F79EFBC}") = "Homework4", "Homework4\Homework4.csproj", "{E5E72D60-9BD3-4F58-9A0C-CA47A6663FCC}"
EndProject
Project("{FAE04EC0-301F-11D3-BF4B-00C04F79EFBC}") = "ClassTask1", "ClassTask1\ClassTask1.csproj", "{A53502B6-112F-4338-8B38-C5504EBF37A5}"
EndProject
Project("{FAE04EC0-301F-11D3-BF4B-00C04F79EFBC}") = "ClassTask2", "ClassTask2\ClassTask2.csproj", "{F828B245-C905-4BD7-A2AD-8476012BEA83}"
EndProject
Project("{FAE04EC0-301F-11D3-BF4B-00C04F79EFBC}") = "ClassTask3", "ClassTask3\ClassTask3.csproj", "{AADECBC4-FA69-4836-B004-706D14A9B8D2}"
EndProject
Global
	GlobalSection(SolutionConfigurationPlatforms) = preSolution
		Debug|Any CPU = Debug|Any CPU
		Release|Any CPU = Release|Any CPU
	EndGlobalSection
	GlobalSection(ProjectConfigurationPlatforms) = postSolution
		{AFB13CE9-FD90-4071-AC65-1DB34B946575}.Debug|Any CPU.ActiveCfg = Debug|Any CPU
		{AFB13CE9-FD90-4071-AC65-1DB34B946575}.Debug|Any CPU.Build.0 = Debug|Any CPU
		{AFB13CE9-FD90-4071-AC65-1DB34B946575}.Release|Any CPU.ActiveCfg = Release|Any CPU
		{AFB13CE9-FD90-4071-AC65-1DB34B946575}.Release|Any CPU.Build.0 = Release|Any CPU
		{CE3B94C0-C97B-4650-831F-A808FD1DC3DA}.Debug|Any CPU.ActiveCfg = Debug|Any CPU
		{CE3B94C0-C97B-4650-831F-A808FD1DC3DA}.Debug|Any CPU.Build.0 = Debug|Any CPU
		{CE3B94C0-C97B-4650-831F-A808FD1DC3DA}.Release|Any CPU.ActiveCfg = Release|Any CPU
		{CE3B94C0-C97B-4650-831F-A808FD1DC3DA}.Release|Any CPU.Build.0 = Release|Any CPU
		{35A6E0DA-F510-4AAC-B68E-F0EEFC5DC882}.Debug|Any CPU.ActiveCfg = Debug|Any CPU
		{35A6E0DA-F510-4AAC-B68E-F0EEFC5DC882}.Debug|Any CPU.Build.0 = Debug|Any CPU
		{35A6E0DA-F510-4AAC-B68E-F0EEFC5DC882}.Release|Any CPU.ActiveCfg = Release|Any CPU
		{35A6E0DA-F510-4AAC-B68E-F0EEFC5DC882}.Release|Any CPU.Build.0 = Release|Any CPU
		{E5E72D60-9BD3-4F58-9A0C-CA47A6663FCC}.Debug|Any CPU.ActiveCfg = Debug|Any CPU
		{E5E72D60-9BD3-4F58-9A0C-CA47A6663FCC}.Debug|Any CPU.Build.0 = Debug|Any CPU
		{E5E72D60-9BD3-4F58-9A0C-CA47A6663FCC}.Release|Any CPU.ActiveCfg = Release|Any CPU
		{E5E72D60-9BD3-4F58-9A0C-CA47A6663FCC}.Release|Any CPU.Build.0 = Release|Any CPU
		{A53502B6-112F-4338-8B38-C5504EBF37A5}.Debug|Any CPU.ActiveCfg = Debug|Any CPU
		{A53502B6-112F-4338-8B38-C5504EBF37A5}.Debug|Any CPU.Build.0 = Debug|Any CPU
		{A53502B6-112F-4338-8B38-C5504EBF37A5}.Release|Any CPU.ActiveCfg = Release|Any CPU
		{A53502B6-112F-4338-8B38-C5504EBF37A5}.Release|Any CPU.Build.0 = Release|Any CPU
		{F828B245-C905-4BD7-A2AD-8476012BEA83}.Debug|Any CPU.ActiveCfg = Debug|Any CPU
		{F828B245-C905-4BD7-A2AD-8476012BEA83}.Debug|Any CPU.Build.0 = Debug|Any CPU
		{F828B245-C905-4BD7-A2AD-8476012BEA83}.Release|Any CPU.ActiveCfg = Release|Any CPU
		{F828B245-C905-4BD7-A2AD-8476012BEA83}.Release|Any CPU.Build.0 = Release|Any CPU
		{AADECBC4-FA69-4836-B004-706D14A9B8D2}.Debug|Any CPU.ActiveCfg = Debug|Any CPU
		{AADECBC4-FA69-4836-B004-706D14A9B8D2}.Debug|Any CPU.Build.0 = Debug|Any CPU
		{AADECBC4-FA69-4836-B004-706D14A9B8D2}.Release|Any CPU.ActiveCfg = Release|Any CPU
		{AADECBC4-FA69-4836-B004-706D14A9B8D2}.Release|Any CPU.Build.0 = Release|Any CPU
	EndGlobalSection
	GlobalSection(SolutionProperties) = preSolution
		HideSolutionNode = FALSE
	EndGlobalSection
EndGlobal
