
Microsoft Visual Studio Solution File, Format Version 12.00
# Visual Studio 2013
VisualStudioVersion = 12.0.31101.0
MinimumVisualStudioVersion = 10.0.40219.1
Project("{FAE04EC0-301F-11D3-BF4B-00C04F79EFBC}") = "Task1", "Task1\Task1.csproj", "{8777C193-CFAB-440E-BCA3-861630E469A8}"
EndProject
Project("{FAE04EC0-301F-11D3-BF4B-00C04F79EFBC}") = "Task2", "Task2\Task2.csproj", "{C7457265-74B3-4A2E-9D86-31DA6B1C621A}"
EndProject
Global
	GlobalSection(SolutionConfigurationPlatforms) = preSolution
		Debug|Any CPU = Debug|Any CPU
		Release|Any CPU = Release|Any CPU
	EndGlobalSection
	GlobalSection(ProjectConfigurationPlatforms) = postSolution
		{8777C193-CFAB-440E-BCA3-861630E469A8}.Debug|Any CPU.ActiveCfg = Debug|Any CPU
		{8777C193-CFAB-440E-BCA3-861630E469A8}.Debug|Any CPU.Build.0 = Debug|Any CPU
		{8777C193-CFAB-440E-BCA3-861630E469A8}.Release|Any CPU.ActiveCfg = Release|Any CPU
		{8777C193-CFAB-440E-BCA3-861630E469A8}.Release|Any CPU.Build.0 = Release|Any CPU
		{C7457265-74B3-4A2E-9D86-31DA6B1C621A}.Debug|Any CPU.ActiveCfg = Debug|Any CPU
		{C7457265-74B3-4A2E-9D86-31DA6B1C621A}.Debug|Any CPU.Build.0 = Debug|Any CPU
		{C7457265-74B3-4A2E-9D86-31DA6B1C621A}.Release|Any CPU.ActiveCfg = Release|Any CPU
		{C7457265-74B3-4A2E-9D86-31DA6B1C621A}.Release|Any CPU.Build.0 = Release|Any CPU
	EndGlobalSection
	GlobalSection(SolutionProperties) = preSolution
		HideSolutionNode = FALSE
	EndGlobalSection
EndGlobal
