
Microsoft Visual Studio Solution File, Format Version 12.00
# Visual Studio 2013
VisualStudioVersion = 12.0.31101.0
MinimumVisualStudioVersion = 10.0.40219.1
Project("{FAE04EC0-301F-11D3-BF4B-00C04F79EFBC}") = "Task1", "Task1\Task1.csproj", "{FB00113A-B4CD-47C4-B412-1262E968760C}"
EndProject
Project("{FAE04EC0-301F-11D3-BF4B-00C04F79EFBC}") = "Task2", "Task2\Task2.csproj", "{69928979-DF98-41AC-8611-BFDE98A15A90}"
EndProject
Project("{FAE04EC0-301F-11D3-BF4B-00C04F79EFBC}") = "Task3", "Task3\Task3.csproj", "{437CB06B-E985-48FC-B6DD-54F39826FB88}"
EndProject
Global
	GlobalSection(SolutionConfigurationPlatforms) = preSolution
		Debug|Any CPU = Debug|Any CPU
		Release|Any CPU = Release|Any CPU
	EndGlobalSection
	GlobalSection(ProjectConfigurationPlatforms) = postSolution
		{FB00113A-B4CD-47C4-B412-1262E968760C}.Debug|Any CPU.ActiveCfg = Debug|Any CPU
		{FB00113A-B4CD-47C4-B412-1262E968760C}.Debug|Any CPU.Build.0 = Debug|Any CPU
		{FB00113A-B4CD-47C4-B412-1262E968760C}.Release|Any CPU.ActiveCfg = Release|Any CPU
		{FB00113A-B4CD-47C4-B412-1262E968760C}.Release|Any CPU.Build.0 = Release|Any CPU
		{69928979-DF98-41AC-8611-BFDE98A15A90}.Debug|Any CPU.ActiveCfg = Debug|Any CPU
		{69928979-DF98-41AC-8611-BFDE98A15A90}.Debug|Any CPU.Build.0 = Debug|Any CPU
		{69928979-DF98-41AC-8611-BFDE98A15A90}.Release|Any CPU.ActiveCfg = Release|Any CPU
		{69928979-DF98-41AC-8611-BFDE98A15A90}.Release|Any CPU.Build.0 = Release|Any CPU
		{437CB06B-E985-48FC-B6DD-54F39826FB88}.Debug|Any CPU.ActiveCfg = Debug|Any CPU
		{437CB06B-E985-48FC-B6DD-54F39826FB88}.Debug|Any CPU.Build.0 = Debug|Any CPU
		{437CB06B-E985-48FC-B6DD-54F39826FB88}.Release|Any CPU.ActiveCfg = Release|Any CPU
		{437CB06B-E985-48FC-B6DD-54F39826FB88}.Release|Any CPU.Build.0 = Release|Any CPU
	EndGlobalSection
	GlobalSection(SolutionProperties) = preSolution
		HideSolutionNode = FALSE
	EndGlobalSection
EndGlobal
