
Microsoft Visual Studio Solution File, Format Version 12.00
# Visual Studio 2013
VisualStudioVersion = 12.0.31101.0
MinimumVisualStudioVersion = 10.0.40219.1
Project("{FAE04EC0-301F-11D3-BF4B-00C04F79EFBC}") = "Task1", "Task1\Task1.csproj", "{76BB9CB1-3791-4D6D-A542-FA9DEC53E09C}"
EndProject
Project("{FAE04EC0-301F-11D3-BF4B-00C04F79EFBC}") = "Task2", "Task2\Task2.csproj", "{B19085F3-6CDE-467B-96F3-1EE37C6AF33B}"
EndProject
Project("{FAE04EC0-301F-11D3-BF4B-00C04F79EFBC}") = "Task3", "Task3\Task3.csproj", "{4B76EFD7-1264-4452-8390-27B52D657CEA}"
EndProject
Project("{FAE04EC0-301F-11D3-BF4B-00C04F79EFBC}") = "Task4", "Task4\Task4.csproj", "{A99AF83A-202A-4C3E-B1DA-051714DB608B}"
EndProject
Project("{FAE04EC0-301F-11D3-BF4B-00C04F79EFBC}") = "Task5", "Task5\Task5.csproj", "{02935F27-3798-4D89-94A0-771E16C07D37}"
EndProject
Global
	GlobalSection(SolutionConfigurationPlatforms) = preSolution
		Debug|Any CPU = Debug|Any CPU
		Release|Any CPU = Release|Any CPU
	EndGlobalSection
	GlobalSection(ProjectConfigurationPlatforms) = postSolution
		{76BB9CB1-3791-4D6D-A542-FA9DEC53E09C}.Debug|Any CPU.ActiveCfg = Debug|Any CPU
		{76BB9CB1-3791-4D6D-A542-FA9DEC53E09C}.Debug|Any CPU.Build.0 = Debug|Any CPU
		{76BB9CB1-3791-4D6D-A542-FA9DEC53E09C}.Release|Any CPU.ActiveCfg = Release|Any CPU
		{76BB9CB1-3791-4D6D-A542-FA9DEC53E09C}.Release|Any CPU.Build.0 = Release|Any CPU
		{B19085F3-6CDE-467B-96F3-1EE37C6AF33B}.Debug|Any CPU.ActiveCfg = Debug|Any CPU
		{B19085F3-6CDE-467B-96F3-1EE37C6AF33B}.Debug|Any CPU.Build.0 = Debug|Any CPU
		{B19085F3-6CDE-467B-96F3-1EE37C6AF33B}.Release|Any CPU.ActiveCfg = Release|Any CPU
		{B19085F3-6CDE-467B-96F3-1EE37C6AF33B}.Release|Any CPU.Build.0 = Release|Any CPU
		{4B76EFD7-1264-4452-8390-27B52D657CEA}.Debug|Any CPU.ActiveCfg = Debug|Any CPU
		{4B76EFD7-1264-4452-8390-27B52D657CEA}.Debug|Any CPU.Build.0 = Debug|Any CPU
		{4B76EFD7-1264-4452-8390-27B52D657CEA}.Release|Any CPU.ActiveCfg = Release|Any CPU
		{4B76EFD7-1264-4452-8390-27B52D657CEA}.Release|Any CPU.Build.0 = Release|Any CPU
		{A99AF83A-202A-4C3E-B1DA-051714DB608B}.Debug|Any CPU.ActiveCfg = Debug|Any CPU
		{A99AF83A-202A-4C3E-B1DA-051714DB608B}.Debug|Any CPU.Build.0 = Debug|Any CPU
		{A99AF83A-202A-4C3E-B1DA-051714DB608B}.Release|Any CPU.ActiveCfg = Release|Any CPU
		{A99AF83A-202A-4C3E-B1DA-051714DB608B}.Release|Any CPU.Build.0 = Release|Any CPU
		{02935F27-3798-4D89-94A0-771E16C07D37}.Debug|Any CPU.ActiveCfg = Debug|Any CPU
		{02935F27-3798-4D89-94A0-771E16C07D37}.Debug|Any CPU.Build.0 = Debug|Any CPU
		{02935F27-3798-4D89-94A0-771E16C07D37}.Release|Any CPU.ActiveCfg = Release|Any CPU
		{02935F27-3798-4D89-94A0-771E16C07D37}.Release|Any CPU.Build.0 = Release|Any CPU
	EndGlobalSection
	GlobalSection(SolutionProperties) = preSolution
		HideSolutionNode = FALSE
	EndGlobalSection
EndGlobal
