
Microsoft Visual Studio Solution File, Format Version 12.00
# Visual Studio 2013
VisualStudioVersion = 12.0.31101.0
MinimumVisualStudioVersion = 10.0.40219.1
Project("{FAE04EC0-301F-11D3-BF4B-00C04F79EFBC}") = "Task1", "Task1\Task1.csproj", "{652F1EB6-C5F6-44C3-8E0C-E48FCBD46860}"
EndProject
Project("{FAE04EC0-301F-11D3-BF4B-00C04F79EFBC}") = "Task2", "Task2\Task2.csproj", "{B9665FFF-D0A4-4FE1-8C41-176FD666E833}"
EndProject
Project("{FAE04EC0-301F-11D3-BF4B-00C04F79EFBC}") = "Task3", "Task3\Task3.csproj", "{3A88E58F-9DD5-40FE-A625-374262F15221}"
EndProject
Project("{FAE04EC0-301F-11D3-BF4B-00C04F79EFBC}") = "Task4", "Task4\Task4.csproj", "{0C74DDCB-C922-4038-BBC8-1B2E70AD7874}"
EndProject
Project("{FAE04EC0-301F-11D3-BF4B-00C04F79EFBC}") = "Task5", "Task5\Task5.csproj", "{7D863E59-74E4-42C8-A088-42081AA37A27}"
EndProject
Project("{FAE04EC0-301F-11D3-BF4B-00C04F79EFBC}") = "Task6", "Task6\Task6.csproj", "{A82AFEE5-0CCC-47E3-81E5-BA602DCB4888}"
EndProject
Project("{FAE04EC0-301F-11D3-BF4B-00C04F79EFBC}") = "Task7", "Task7\Task7.csproj", "{5A5073BB-CCA1-46BE-BE18-559F75C94E44}"
EndProject
Global
	GlobalSection(SolutionConfigurationPlatforms) = preSolution
		Debug|Any CPU = Debug|Any CPU
		Release|Any CPU = Release|Any CPU
	EndGlobalSection
	GlobalSection(ProjectConfigurationPlatforms) = postSolution
		{652F1EB6-C5F6-44C3-8E0C-E48FCBD46860}.Debug|Any CPU.ActiveCfg = Debug|Any CPU
		{652F1EB6-C5F6-44C3-8E0C-E48FCBD46860}.Debug|Any CPU.Build.0 = Debug|Any CPU
		{652F1EB6-C5F6-44C3-8E0C-E48FCBD46860}.Release|Any CPU.ActiveCfg = Release|Any CPU
		{652F1EB6-C5F6-44C3-8E0C-E48FCBD46860}.Release|Any CPU.Build.0 = Release|Any CPU
		{B9665FFF-D0A4-4FE1-8C41-176FD666E833}.Debug|Any CPU.ActiveCfg = Debug|Any CPU
		{B9665FFF-D0A4-4FE1-8C41-176FD666E833}.Debug|Any CPU.Build.0 = Debug|Any CPU
		{B9665FFF-D0A4-4FE1-8C41-176FD666E833}.Release|Any CPU.ActiveCfg = Release|Any CPU
		{B9665FFF-D0A4-4FE1-8C41-176FD666E833}.Release|Any CPU.Build.0 = Release|Any CPU
		{3A88E58F-9DD5-40FE-A625-374262F15221}.Debug|Any CPU.ActiveCfg = Debug|Any CPU
		{3A88E58F-9DD5-40FE-A625-374262F15221}.Debug|Any CPU.Build.0 = Debug|Any CPU
		{3A88E58F-9DD5-40FE-A625-374262F15221}.Release|Any CPU.ActiveCfg = Release|Any CPU
		{3A88E58F-9DD5-40FE-A625-374262F15221}.Release|Any CPU.Build.0 = Release|Any CPU
		{0C74DDCB-C922-4038-BBC8-1B2E70AD7874}.Debug|Any CPU.ActiveCfg = Debug|Any CPU
		{0C74DDCB-C922-4038-BBC8-1B2E70AD7874}.Debug|Any CPU.Build.0 = Debug|Any CPU
		{0C74DDCB-C922-4038-BBC8-1B2E70AD7874}.Release|Any CPU.ActiveCfg = Release|Any CPU
		{0C74DDCB-C922-4038-BBC8-1B2E70AD7874}.Release|Any CPU.Build.0 = Release|Any CPU
		{7D863E59-74E4-42C8-A088-42081AA37A27}.Debug|Any CPU.ActiveCfg = Debug|Any CPU
		{7D863E59-74E4-42C8-A088-42081AA37A27}.Debug|Any CPU.Build.0 = Debug|Any CPU
		{7D863E59-74E4-42C8-A088-42081AA37A27}.Release|Any CPU.ActiveCfg = Release|Any CPU
		{7D863E59-74E4-42C8-A088-42081AA37A27}.Release|Any CPU.Build.0 = Release|Any CPU
		{A82AFEE5-0CCC-47E3-81E5-BA602DCB4888}.Debug|Any CPU.ActiveCfg = Debug|Any CPU
		{A82AFEE5-0CCC-47E3-81E5-BA602DCB4888}.Debug|Any CPU.Build.0 = Debug|Any CPU
		{A82AFEE5-0CCC-47E3-81E5-BA602DCB4888}.Release|Any CPU.ActiveCfg = Release|Any CPU
		{A82AFEE5-0CCC-47E3-81E5-BA602DCB4888}.Release|Any CPU.Build.0 = Release|Any CPU
		{5A5073BB-CCA1-46BE-BE18-559F75C94E44}.Debug|Any CPU.ActiveCfg = Debug|Any CPU
		{5A5073BB-CCA1-46BE-BE18-559F75C94E44}.Debug|Any CPU.Build.0 = Debug|Any CPU
		{5A5073BB-CCA1-46BE-BE18-559F75C94E44}.Release|Any CPU.ActiveCfg = Release|Any CPU
		{5A5073BB-CCA1-46BE-BE18-559F75C94E44}.Release|Any CPU.Build.0 = Release|Any CPU
	EndGlobalSection
	GlobalSection(SolutionProperties) = preSolution
		HideSolutionNode = FALSE
	EndGlobalSection
EndGlobal
