
Microsoft Visual Studio Solution File, Format Version 12.00
# Visual Studio 2013
VisualStudioVersion = 12.0.31101.0
MinimumVisualStudioVersion = 10.0.40219.1
Project("{FAE04EC0-301F-11D3-BF4B-00C04F79EFBC}") = "Task1", "Task1\Task1.csproj", "{43151ECB-4386-4223-A24B-FC3ED953E63A}"
EndProject
Project("{FAE04EC0-301F-11D3-BF4B-00C04F79EFBC}") = "Task2", "Task2\Task2.csproj", "{2F02783A-BC89-4598-8E8F-B86A1BEE0E09}"
EndProject
Project("{FAE04EC0-301F-11D3-BF4B-00C04F79EFBC}") = "Task3", "Task3\Task3.csproj", "{9D5102B4-7D81-4149-8A06-9BED598EE1C9}"
EndProject
Project("{FAE04EC0-301F-11D3-BF4B-00C04F79EFBC}") = "Task4", "Task4\Task4.csproj", "{62D55491-5F10-4921-AED5-305A0F6254E0}"
EndProject
Project("{FAE04EC0-301F-11D3-BF4B-00C04F79EFBC}") = "Task5", "Task5\Task5.csproj", "{323AB492-78B4-4450-98B9-62D378DDC0E0}"
EndProject
Project("{FAE04EC0-301F-11D3-BF4B-00C04F79EFBC}") = "Task6", "Task6\Task6.csproj", "{71DACAD0-6D26-4652-B07A-4EB82D98B35B}"
EndProject
Project("{FAE04EC0-301F-11D3-BF4B-00C04F79EFBC}") = "Task7", "Task7\Task7.csproj", "{5F7595F5-0676-461C-A3BD-19ED7F61A656}"
EndProject
Project("{FAE04EC0-301F-11D3-BF4B-00C04F79EFBC}") = "Task8", "Task8\Task8.csproj", "{026D9516-A5D7-4852-B0EB-228237BC53E6}"
EndProject
Project("{FAE04EC0-301F-11D3-BF4B-00C04F79EFBC}") = "Task9", "Task9\Task9.csproj", "{542BC20C-466B-4F08-97B1-E0DF275885F3}"
EndProject
Project("{FAE04EC0-301F-11D3-BF4B-00C04F79EFBC}") = "Task10", "Task10\Task10.csproj", "{D0C2034A-5448-468A-9C20-A78E9BE329E8}"
EndProject
Global
	GlobalSection(SolutionConfigurationPlatforms) = preSolution
		Debug|Any CPU = Debug|Any CPU
		Release|Any CPU = Release|Any CPU
	EndGlobalSection
	GlobalSection(ProjectConfigurationPlatforms) = postSolution
		{43151ECB-4386-4223-A24B-FC3ED953E63A}.Debug|Any CPU.ActiveCfg = Debug|Any CPU
		{43151ECB-4386-4223-A24B-FC3ED953E63A}.Debug|Any CPU.Build.0 = Debug|Any CPU
		{43151ECB-4386-4223-A24B-FC3ED953E63A}.Release|Any CPU.ActiveCfg = Release|Any CPU
		{43151ECB-4386-4223-A24B-FC3ED953E63A}.Release|Any CPU.Build.0 = Release|Any CPU
		{2F02783A-BC89-4598-8E8F-B86A1BEE0E09}.Debug|Any CPU.ActiveCfg = Debug|Any CPU
		{2F02783A-BC89-4598-8E8F-B86A1BEE0E09}.Debug|Any CPU.Build.0 = Debug|Any CPU
		{2F02783A-BC89-4598-8E8F-B86A1BEE0E09}.Release|Any CPU.ActiveCfg = Release|Any CPU
		{2F02783A-BC89-4598-8E8F-B86A1BEE0E09}.Release|Any CPU.Build.0 = Release|Any CPU
		{9D5102B4-7D81-4149-8A06-9BED598EE1C9}.Debug|Any CPU.ActiveCfg = Debug|Any CPU
		{9D5102B4-7D81-4149-8A06-9BED598EE1C9}.Debug|Any CPU.Build.0 = Debug|Any CPU
		{9D5102B4-7D81-4149-8A06-9BED598EE1C9}.Release|Any CPU.ActiveCfg = Release|Any CPU
		{9D5102B4-7D81-4149-8A06-9BED598EE1C9}.Release|Any CPU.Build.0 = Release|Any CPU
		{62D55491-5F10-4921-AED5-305A0F6254E0}.Debug|Any CPU.ActiveCfg = Debug|Any CPU
		{62D55491-5F10-4921-AED5-305A0F6254E0}.Debug|Any CPU.Build.0 = Debug|Any CPU
		{62D55491-5F10-4921-AED5-305A0F6254E0}.Release|Any CPU.ActiveCfg = Release|Any CPU
		{62D55491-5F10-4921-AED5-305A0F6254E0}.Release|Any CPU.Build.0 = Release|Any CPU
		{323AB492-78B4-4450-98B9-62D378DDC0E0}.Debug|Any CPU.ActiveCfg = Debug|Any CPU
		{323AB492-78B4-4450-98B9-62D378DDC0E0}.Debug|Any CPU.Build.0 = Debug|Any CPU
		{323AB492-78B4-4450-98B9-62D378DDC0E0}.Release|Any CPU.ActiveCfg = Release|Any CPU
		{323AB492-78B4-4450-98B9-62D378DDC0E0}.Release|Any CPU.Build.0 = Release|Any CPU
		{71DACAD0-6D26-4652-B07A-4EB82D98B35B}.Debug|Any CPU.ActiveCfg = Debug|Any CPU
		{71DACAD0-6D26-4652-B07A-4EB82D98B35B}.Debug|Any CPU.Build.0 = Debug|Any CPU
		{71DACAD0-6D26-4652-B07A-4EB82D98B35B}.Release|Any CPU.ActiveCfg = Release|Any CPU
		{71DACAD0-6D26-4652-B07A-4EB82D98B35B}.Release|Any CPU.Build.0 = Release|Any CPU
		{5F7595F5-0676-461C-A3BD-19ED7F61A656}.Debug|Any CPU.ActiveCfg = Debug|Any CPU
		{5F7595F5-0676-461C-A3BD-19ED7F61A656}.Debug|Any CPU.Build.0 = Debug|Any CPU
		{5F7595F5-0676-461C-A3BD-19ED7F61A656}.Release|Any CPU.ActiveCfg = Release|Any CPU
		{5F7595F5-0676-461C-A3BD-19ED7F61A656}.Release|Any CPU.Build.0 = Release|Any CPU
		{026D9516-A5D7-4852-B0EB-228237BC53E6}.Debug|Any CPU.ActiveCfg = Debug|Any CPU
		{026D9516-A5D7-4852-B0EB-228237BC53E6}.Debug|Any CPU.Build.0 = Debug|Any CPU
		{026D9516-A5D7-4852-B0EB-228237BC53E6}.Release|Any CPU.ActiveCfg = Release|Any CPU
		{026D9516-A5D7-4852-B0EB-228237BC53E6}.Release|Any CPU.Build.0 = Release|Any CPU
		{542BC20C-466B-4F08-97B1-E0DF275885F3}.Debug|Any CPU.ActiveCfg = Debug|Any CPU
		{542BC20C-466B-4F08-97B1-E0DF275885F3}.Debug|Any CPU.Build.0 = Debug|Any CPU
		{542BC20C-466B-4F08-97B1-E0DF275885F3}.Release|Any CPU.ActiveCfg = Release|Any CPU
		{542BC20C-466B-4F08-97B1-E0DF275885F3}.Release|Any CPU.Build.0 = Release|Any CPU
		{D0C2034A-5448-468A-9C20-A78E9BE329E8}.Debug|Any CPU.ActiveCfg = Debug|Any CPU
		{D0C2034A-5448-468A-9C20-A78E9BE329E8}.Debug|Any CPU.Build.0 = Debug|Any CPU
		{D0C2034A-5448-468A-9C20-A78E9BE329E8}.Release|Any CPU.ActiveCfg = Release|Any CPU
		{D0C2034A-5448-468A-9C20-A78E9BE329E8}.Release|Any CPU.Build.0 = Release|Any CPU
	EndGlobalSection
	GlobalSection(SolutionProperties) = preSolution
		HideSolutionNode = FALSE
	EndGlobalSection
EndGlobal
